
Microsoft Visual Studio Solution File, Format Version 12.00
# Visual Studio Version 16
VisualStudioVersion = 16.0.30011.22
MinimumVisualStudioVersion = 10.0.40219.1
Project("{2150E333-8FDC-42A3-9474-1A3956D46DE8}") = "0 Utilidades", "0 Utilidades", "{60F8E072-6781-441E-82FD-9F400578602D}"
	ProjectSection(SolutionItems) = preProject
		..\..\..\..\..\OneDrive\Universidad\UNIVERSIDAD\UADE\Programacion avanzada\GuiaTP.doc = ..\..\..\..\..\OneDrive\Universidad\UNIVERSIDAD\UADE\Programacion avanzada\GuiaTP.doc
		Utilidades\notas.c = Utilidades\notas.c
		Utilidades\plantilla.c = Utilidades\plantilla.c
		Utilidades\TP Funciones.txt = Utilidades\TP Funciones.txt
		Utilidades\TP vectores.txt = Utilidades\TP vectores.txt
	EndProjectSection
EndProject
Project("{2150E333-8FDC-42A3-9474-1A3956D46DE8}") = "1 TP Funciones", "1 TP Funciones", "{10F51037-4764-4087-8827-3AD81756525D}"
	ProjectSection(SolutionItems) = preProject
		Utilidades\TP Funciones.txt = Utilidades\TP Funciones.txt
	EndProjectSection
EndProject
Project("{2150E333-8FDC-42A3-9474-1A3956D46DE8}") = "2 TP Vectores", "2 TP Vectores", "{18486247-01C8-4DF9-B349-53D1831DD291}"
	ProjectSection(SolutionItems) = preProject
		Vectores\TP vectores.txt = Vectores\TP vectores.txt
	EndProjectSection
EndProject
Project("{8BC9CEB8-8B4A-11D0-8D11-00A0C91BC942}") = "test", "Utilidades\test\test.vcxproj", "{64F88135-2C9E-4DEB-9EE2-A6E116B09FE9}"
EndProject
Project("{8BC9CEB8-8B4A-11D0-8D11-00A0C91BC942}") = "1.1", "Funciones\1.1\tp 1.vcxproj", "{39AB35A8-0693-4708-B7D7-8198CF5E6CDF}"
EndProject
Project("{8BC9CEB8-8B4A-11D0-8D11-00A0C91BC942}") = "1.2", "Funciones\1.2\1.2.vcxproj", "{AF5E412D-03FF-4F10-BE67-E0652FB36CD6}"
EndProject
Project("{8BC9CEB8-8B4A-11D0-8D11-00A0C91BC942}") = "1.3", "Funciones\1.3\1.3.vcxproj", "{5F75F18E-3995-4682-BD5F-E8FF4AFC34CC}"
EndProject
Project("{8BC9CEB8-8B4A-11D0-8D11-00A0C91BC942}") = "1.4", "Funciones\1.4\1.4.vcxproj", "{57EF89D3-EE99-441C-AE70-384F4AC84CD9}"
EndProject
Project("{8BC9CEB8-8B4A-11D0-8D11-00A0C91BC942}") = "1.5", "Funciones\1.5\1.5.vcxproj", "{3F0E02E6-4589-4FD1-AF66-1CD2809F26D8}"
EndProject
Project("{8BC9CEB8-8B4A-11D0-8D11-00A0C91BC942}") = "1.6", "Funciones\1.6\1.6.vcxproj", "{6CF4B546-088C-4E7D-A939-0A5F169B0D1D}"
EndProject
Project("{8BC9CEB8-8B4A-11D0-8D11-00A0C91BC942}") = "1.7", "Funciones\1.7\1.7.vcxproj", "{C583D77A-72D4-4035-A7D7-AD5360D2F226}"
EndProject
Project("{8BC9CEB8-8B4A-11D0-8D11-00A0C91BC942}") = "1.8", "Funciones\1.8\1.8.vcxproj", "{822EF72A-D1B4-4E99-BBAE-41F3E2633B47}"
EndProject
Project("{8BC9CEB8-8B4A-11D0-8D11-00A0C91BC942}") = "2.1", "Vectores\2.1\2.1.vcxproj", "{BE8A8ACC-6F06-42EF-B72D-BB9D560235F3}"
EndProject
Project("{8BC9CEB8-8B4A-11D0-8D11-00A0C91BC942}") = "2.2", "Vectores\2.2\2.2.vcxproj", "{CF5F88D9-1E2C-443B-80F4-133936218FA1}"
EndProject
Project("{8BC9CEB8-8B4A-11D0-8D11-00A0C91BC942}") = "2.3", "Vectores\2.3\2.3.vcxproj", "{40C5D865-FCDB-4BBA-93B5-0ABD3B8EC0B4}"
EndProject
Project("{8BC9CEB8-8B4A-11D0-8D11-00A0C91BC942}") = "2.4", "Vectores\2.4\2.4.vcxproj", "{DAD530A4-88D8-4DDE-BC49-F312B0039AF3}"
EndProject
Project("{8BC9CEB8-8B4A-11D0-8D11-00A0C91BC942}") = "2.5", "Vectores\2.5\2.5.vcxproj", "{EC15408B-60CB-426A-AB47-CC6E3407F870}"
EndProject
Project("{8BC9CEB8-8B4A-11D0-8D11-00A0C91BC942}") = "2.6", "Vectores\2.6\2.6.vcxproj", "{74DBB0E7-D12A-47AC-94A2-752C822334C9}"
EndProject
Project("{2150E333-8FDC-42A3-9474-1A3956D46DE8}") = "3 TP Matrices", "3 TP Matrices", "{BD770F86-3357-4D9E-9D10-815E3E7603DF}"
	ProjectSection(SolutionItems) = preProject
		matrices.txt = matrices.txt
	EndProjectSection
EndProject
Project("{8BC9CEB8-8B4A-11D0-8D11-00A0C91BC942}") = "2.7", "Vectores\2.7\2.7.vcxproj", "{5B1AE1EA-08AA-4747-855B-029DDFB7EF7C}"
EndProject
Project("{8BC9CEB8-8B4A-11D0-8D11-00A0C91BC942}") = "2.8", "Vectores\2.8\2.8.vcxproj", "{CD56FBA9-9FE3-4DCD-A2C4-4A4EBF1C0B80}"
EndProject
Project("{8BC9CEB8-8B4A-11D0-8D11-00A0C91BC942}") = "cola", "Vectores\cola\cola.vcxproj", "{2BA4AE97-2554-4B39-A635-A5561395C557}"
EndProject
Project("{8BC9CEB8-8B4A-11D0-8D11-00A0C91BC942}") = "pila", "Vectores\pila\pila.vcxproj", "{B977B0F0-3C6D-447F-8943-D39BC6D61E52}"
EndProject
Project("{8BC9CEB8-8B4A-11D0-8D11-00A0C91BC942}") = "3.1", "Matrices\3.1\3.1.vcxproj", "{35BAA05D-41E7-41CC-A244-CFA95BAE7BEA}"
EndProject
Project("{8BC9CEB8-8B4A-11D0-8D11-00A0C91BC942}") = "3.2", "Matrices\3.2\3.2.vcxproj", "{983B7B52-776B-4618-B1CF-62984B092A45}"
EndProject
Project("{8BC9CEB8-8B4A-11D0-8D11-00A0C91BC942}") = "3.3", "Matrices\3.3\3.3.vcxproj", "{01762497-BC0F-4DBD-BD65-481F35F1FC9A}"
EndProject
Project("{8BC9CEB8-8B4A-11D0-8D11-00A0C91BC942}") = "3.4", "Matrices\3.4\3.4.vcxproj", "{7C65568E-D855-4A19-9383-87A134C77E7E}"
EndProject
Project("{8BC9CEB8-8B4A-11D0-8D11-00A0C91BC942}") = "3.5", "Matrices\3.5\3.5.vcxproj", "{2B907302-6AAA-40BD-964F-BDB060EFE77F}"
EndProject
Project("{8BC9CEB8-8B4A-11D0-8D11-00A0C91BC942}") = "3.6", "Matrices\3.6\3.6.vcxproj", "{C8FCB8EF-575E-4715-9075-7EE9DEF80854}"
EndProject
Project("{8BC9CEB8-8B4A-11D0-8D11-00A0C91BC942}") = "3.7", "Matrices\3.7\3.7.vcxproj", "{E9813492-F64C-4889-AC2D-A643DCC20343}"
EndProject
Project("{8BC9CEB8-8B4A-11D0-8D11-00A0C91BC942}") = "3.8", "Matrices\3.8\3.8.vcxproj", "{02EBF92A-FD01-4A57-A47A-853EDB08BEF9}"
EndProject
Project("{8BC9CEB8-8B4A-11D0-8D11-00A0C91BC942}") = "3.9", "Matrices\3.9\3.9.vcxproj", "{FAF1A1FC-E283-4C5A-BC52-ACE75D7FA731}"
EndProject
Project("{2150E333-8FDC-42A3-9474-1A3956D46DE8}") = "4 TP CADENAS", "4 TP CADENAS", "{B5671EDD-D23C-490E-B0E2-555DE6B437CB}"
	ProjectSection(SolutionItems) = preProject
		cadenas.txt = cadenas.txt
	EndProjectSection
EndProject
Project("{8BC9CEB8-8B4A-11D0-8D11-00A0C91BC942}") = "4.1", "Cadenas\4.1\4.1.vcxproj", "{5F9913D1-5A2E-4EBA-A66A-E6DDAB994FC9}"
EndProject
Project("{8BC9CEB8-8B4A-11D0-8D11-00A0C91BC942}") = "4.2", "Cadenas\4.2\4.2.vcxproj", "{DAF73772-6311-4D43-B5DB-7CFBB9A7F00A}"
EndProject
Project("{8BC9CEB8-8B4A-11D0-8D11-00A0C91BC942}") = "4.3", "Cadenas\4.3\4.3.vcxproj", "{14AEDCA6-FE2A-4DBB-A545-04CA0A5E7D69}"
EndProject
Project("{8BC9CEB8-8B4A-11D0-8D11-00A0C91BC942}") = "4.4", "Cadenas\4.4\4.4.vcxproj", "{E98A8EFC-4E29-407C-B4A8-2FBC98AE7403}"
EndProject
Project("{8BC9CEB8-8B4A-11D0-8D11-00A0C91BC942}") = "4.5", "Cadenas\4.5\4.5.vcxproj", "{A3056BE7-62D3-4ABD-9BA0-A06031A86E16}"
EndProject
Project("{8BC9CEB8-8B4A-11D0-8D11-00A0C91BC942}") = "4.6", "Cadenas\4.6\4.6.vcxproj", "{A4E600E5-FA76-4F88-84DA-E25224288117}"
EndProject
Project("{8BC9CEB8-8B4A-11D0-8D11-00A0C91BC942}") = "4.7", "Cadenas\4.7\4.7.vcxproj", "{C379AA7F-5C3E-41A7-8213-31E082AF6AE4}"
EndProject
Project("{8BC9CEB8-8B4A-11D0-8D11-00A0C91BC942}") = "4.8", "Cadenas\4.8\4.8.vcxproj", "{7C1DF794-8DE3-411F-843F-9A82F5DA9360}"
EndProject
Project("{8BC9CEB8-8B4A-11D0-8D11-00A0C91BC942}") = "4.9", "Cadenas\4.9\4.9.vcxproj", "{45B188BF-ECEC-4F35-9EB0-1DBD07D9AEBF}"
EndProject
Project("{2150E333-8FDC-42A3-9474-1A3956D46DE8}") = "5 TP Estructuras", "5 TP Estructuras", "{A64CC1C0-1108-4146-AA5F-26432F4FA2E9}"
	ProjectSection(SolutionItems) = preProject
		Estructuras.txt = Estructuras.txt
	EndProjectSection
EndProject
Project("{8BC9CEB8-8B4A-11D0-8D11-00A0C91BC942}") = "5.1", "Estructuras\5.1\5.1.vcxproj", "{930B4E8E-1E41-4F31-B2A3-626B30B3F736}"
EndProject
Project("{8BC9CEB8-8B4A-11D0-8D11-00A0C91BC942}") = "5.2", "Estructuras\5.2\5.2.vcxproj", "{48277094-CE0C-46B0-BE9D-1BBD4349D9ED}"
EndProject
Project("{2150E333-8FDC-42A3-9474-1A3956D46DE8}") = "99 Parcial", "99 Parcial", "{4CFAEE95-30D8-4F91-B138-BAAAC555E2E5}"
EndProject
Project("{8BC9CEB8-8B4A-11D0-8D11-00A0C91BC942}") = "practica parcial", "99 parcial\practica parcial\practica parcial.vcxproj", "{483981AF-6F93-457E-8946-C775CF41D050}"
EndProject
Project("{8BC9CEB8-8B4A-11D0-8D11-00A0C91BC942}") = "practica parcial intensivo", "99 parcial\practica parcial intensivo\practica parcial intensivo.vcxproj", "{094F3AA5-213B-41FA-9531-B9B6DB01D538}"
EndProject
Project("{8BC9CEB8-8B4A-11D0-8D11-00A0C91BC942}") = "practica parcial intensico 2", "99 parcial\practica parcial intensico 2\practica parcial intensico 2.vcxproj", "{0621A4BB-C8AE-4D42-87C4-A1D76B0454EB}"
EndProject
Project("{8BC9CEB8-8B4A-11D0-8D11-00A0C91BC942}") = "practica parcial intensivo ex2", "99 parcial\practica parcial intensivo ex2\practica parcial intensivo ex2.vcxproj", "{EC06557B-E0D9-4D90-B1B3-9C45BC964422}"
EndProject
Project("{8BC9CEB8-8B4A-11D0-8D11-00A0C91BC942}") = "practica parcial intensivo 2 ex2", "99 parcial\practica parcial intensivo 2 ex2\practica parcial intensivo 2 ex2.vcxproj", "{DA547FEB-1C95-46FB-BD9E-CBE495B8247B}"
EndProject
Global
	GlobalSection(SolutionConfigurationPlatforms) = preSolution
		Debug|x64 = Debug|x64
		Debug|x86 = Debug|x86
		Release|x64 = Release|x64
		Release|x86 = Release|x86
	EndGlobalSection
	GlobalSection(ProjectConfigurationPlatforms) = postSolution
		{64F88135-2C9E-4DEB-9EE2-A6E116B09FE9}.Debug|x64.ActiveCfg = Debug|x64
		{64F88135-2C9E-4DEB-9EE2-A6E116B09FE9}.Debug|x64.Build.0 = Debug|x64
		{64F88135-2C9E-4DEB-9EE2-A6E116B09FE9}.Debug|x86.ActiveCfg = Debug|Win32
		{64F88135-2C9E-4DEB-9EE2-A6E116B09FE9}.Debug|x86.Build.0 = Debug|Win32
		{64F88135-2C9E-4DEB-9EE2-A6E116B09FE9}.Release|x64.ActiveCfg = Release|x64
		{64F88135-2C9E-4DEB-9EE2-A6E116B09FE9}.Release|x64.Build.0 = Release|x64
		{64F88135-2C9E-4DEB-9EE2-A6E116B09FE9}.Release|x86.ActiveCfg = Release|Win32
		{64F88135-2C9E-4DEB-9EE2-A6E116B09FE9}.Release|x86.Build.0 = Release|Win32
		{39AB35A8-0693-4708-B7D7-8198CF5E6CDF}.Debug|x64.ActiveCfg = Debug|x64
		{39AB35A8-0693-4708-B7D7-8198CF5E6CDF}.Debug|x64.Build.0 = Debug|x64
		{39AB35A8-0693-4708-B7D7-8198CF5E6CDF}.Debug|x86.ActiveCfg = Debug|Win32
		{39AB35A8-0693-4708-B7D7-8198CF5E6CDF}.Debug|x86.Build.0 = Debug|Win32
		{39AB35A8-0693-4708-B7D7-8198CF5E6CDF}.Release|x64.ActiveCfg = Release|x64
		{39AB35A8-0693-4708-B7D7-8198CF5E6CDF}.Release|x64.Build.0 = Release|x64
		{39AB35A8-0693-4708-B7D7-8198CF5E6CDF}.Release|x86.ActiveCfg = Release|Win32
		{39AB35A8-0693-4708-B7D7-8198CF5E6CDF}.Release|x86.Build.0 = Release|Win32
		{AF5E412D-03FF-4F10-BE67-E0652FB36CD6}.Debug|x64.ActiveCfg = Debug|x64
		{AF5E412D-03FF-4F10-BE67-E0652FB36CD6}.Debug|x64.Build.0 = Debug|x64
		{AF5E412D-03FF-4F10-BE67-E0652FB36CD6}.Debug|x86.ActiveCfg = Debug|Win32
		{AF5E412D-03FF-4F10-BE67-E0652FB36CD6}.Debug|x86.Build.0 = Debug|Win32
		{AF5E412D-03FF-4F10-BE67-E0652FB36CD6}.Release|x64.ActiveCfg = Release|x64
		{AF5E412D-03FF-4F10-BE67-E0652FB36CD6}.Release|x64.Build.0 = Release|x64
		{AF5E412D-03FF-4F10-BE67-E0652FB36CD6}.Release|x86.ActiveCfg = Release|Win32
		{AF5E412D-03FF-4F10-BE67-E0652FB36CD6}.Release|x86.Build.0 = Release|Win32
		{5F75F18E-3995-4682-BD5F-E8FF4AFC34CC}.Debug|x64.ActiveCfg = Debug|x64
		{5F75F18E-3995-4682-BD5F-E8FF4AFC34CC}.Debug|x64.Build.0 = Debug|x64
		{5F75F18E-3995-4682-BD5F-E8FF4AFC34CC}.Debug|x86.ActiveCfg = Debug|Win32
		{5F75F18E-3995-4682-BD5F-E8FF4AFC34CC}.Debug|x86.Build.0 = Debug|Win32
		{5F75F18E-3995-4682-BD5F-E8FF4AFC34CC}.Release|x64.ActiveCfg = Release|x64
		{5F75F18E-3995-4682-BD5F-E8FF4AFC34CC}.Release|x64.Build.0 = Release|x64
		{5F75F18E-3995-4682-BD5F-E8FF4AFC34CC}.Release|x86.ActiveCfg = Release|Win32
		{5F75F18E-3995-4682-BD5F-E8FF4AFC34CC}.Release|x86.Build.0 = Release|Win32
		{57EF89D3-EE99-441C-AE70-384F4AC84CD9}.Debug|x64.ActiveCfg = Debug|x64
		{57EF89D3-EE99-441C-AE70-384F4AC84CD9}.Debug|x64.Build.0 = Debug|x64
		{57EF89D3-EE99-441C-AE70-384F4AC84CD9}.Debug|x86.ActiveCfg = Debug|Win32
		{57EF89D3-EE99-441C-AE70-384F4AC84CD9}.Debug|x86.Build.0 = Debug|Win32
		{57EF89D3-EE99-441C-AE70-384F4AC84CD9}.Release|x64.ActiveCfg = Release|x64
		{57EF89D3-EE99-441C-AE70-384F4AC84CD9}.Release|x64.Build.0 = Release|x64
		{57EF89D3-EE99-441C-AE70-384F4AC84CD9}.Release|x86.ActiveCfg = Release|Win32
		{57EF89D3-EE99-441C-AE70-384F4AC84CD9}.Release|x86.Build.0 = Release|Win32
		{3F0E02E6-4589-4FD1-AF66-1CD2809F26D8}.Debug|x64.ActiveCfg = Debug|x64
		{3F0E02E6-4589-4FD1-AF66-1CD2809F26D8}.Debug|x64.Build.0 = Debug|x64
		{3F0E02E6-4589-4FD1-AF66-1CD2809F26D8}.Debug|x86.ActiveCfg = Debug|Win32
		{3F0E02E6-4589-4FD1-AF66-1CD2809F26D8}.Debug|x86.Build.0 = Debug|Win32
		{3F0E02E6-4589-4FD1-AF66-1CD2809F26D8}.Release|x64.ActiveCfg = Release|x64
		{3F0E02E6-4589-4FD1-AF66-1CD2809F26D8}.Release|x64.Build.0 = Release|x64
		{3F0E02E6-4589-4FD1-AF66-1CD2809F26D8}.Release|x86.ActiveCfg = Release|Win32
		{3F0E02E6-4589-4FD1-AF66-1CD2809F26D8}.Release|x86.Build.0 = Release|Win32
		{6CF4B546-088C-4E7D-A939-0A5F169B0D1D}.Debug|x64.ActiveCfg = Debug|x64
		{6CF4B546-088C-4E7D-A939-0A5F169B0D1D}.Debug|x64.Build.0 = Debug|x64
		{6CF4B546-088C-4E7D-A939-0A5F169B0D1D}.Debug|x86.ActiveCfg = Debug|Win32
		{6CF4B546-088C-4E7D-A939-0A5F169B0D1D}.Debug|x86.Build.0 = Debug|Win32
		{6CF4B546-088C-4E7D-A939-0A5F169B0D1D}.Release|x64.ActiveCfg = Release|x64
		{6CF4B546-088C-4E7D-A939-0A5F169B0D1D}.Release|x64.Build.0 = Release|x64
		{6CF4B546-088C-4E7D-A939-0A5F169B0D1D}.Release|x86.ActiveCfg = Release|Win32
		{6CF4B546-088C-4E7D-A939-0A5F169B0D1D}.Release|x86.Build.0 = Release|Win32
		{C583D77A-72D4-4035-A7D7-AD5360D2F226}.Debug|x64.ActiveCfg = Debug|x64
		{C583D77A-72D4-4035-A7D7-AD5360D2F226}.Debug|x64.Build.0 = Debug|x64
		{C583D77A-72D4-4035-A7D7-AD5360D2F226}.Debug|x86.ActiveCfg = Debug|Win32
		{C583D77A-72D4-4035-A7D7-AD5360D2F226}.Debug|x86.Build.0 = Debug|Win32
		{C583D77A-72D4-4035-A7D7-AD5360D2F226}.Release|x64.ActiveCfg = Release|x64
		{C583D77A-72D4-4035-A7D7-AD5360D2F226}.Release|x64.Build.0 = Release|x64
		{C583D77A-72D4-4035-A7D7-AD5360D2F226}.Release|x86.ActiveCfg = Release|Win32
		{C583D77A-72D4-4035-A7D7-AD5360D2F226}.Release|x86.Build.0 = Release|Win32
		{822EF72A-D1B4-4E99-BBAE-41F3E2633B47}.Debug|x64.ActiveCfg = Debug|x64
		{822EF72A-D1B4-4E99-BBAE-41F3E2633B47}.Debug|x64.Build.0 = Debug|x64
		{822EF72A-D1B4-4E99-BBAE-41F3E2633B47}.Debug|x86.ActiveCfg = Debug|Win32
		{822EF72A-D1B4-4E99-BBAE-41F3E2633B47}.Debug|x86.Build.0 = Debug|Win32
		{822EF72A-D1B4-4E99-BBAE-41F3E2633B47}.Release|x64.ActiveCfg = Release|x64
		{822EF72A-D1B4-4E99-BBAE-41F3E2633B47}.Release|x64.Build.0 = Release|x64
		{822EF72A-D1B4-4E99-BBAE-41F3E2633B47}.Release|x86.ActiveCfg = Release|Win32
		{822EF72A-D1B4-4E99-BBAE-41F3E2633B47}.Release|x86.Build.0 = Release|Win32
		{BE8A8ACC-6F06-42EF-B72D-BB9D560235F3}.Debug|x64.ActiveCfg = Debug|x64
		{BE8A8ACC-6F06-42EF-B72D-BB9D560235F3}.Debug|x64.Build.0 = Debug|x64
		{BE8A8ACC-6F06-42EF-B72D-BB9D560235F3}.Debug|x86.ActiveCfg = Debug|Win32
		{BE8A8ACC-6F06-42EF-B72D-BB9D560235F3}.Debug|x86.Build.0 = Debug|Win32
		{BE8A8ACC-6F06-42EF-B72D-BB9D560235F3}.Release|x64.ActiveCfg = Release|x64
		{BE8A8ACC-6F06-42EF-B72D-BB9D560235F3}.Release|x64.Build.0 = Release|x64
		{BE8A8ACC-6F06-42EF-B72D-BB9D560235F3}.Release|x86.ActiveCfg = Release|Win32
		{BE8A8ACC-6F06-42EF-B72D-BB9D560235F3}.Release|x86.Build.0 = Release|Win32
		{CF5F88D9-1E2C-443B-80F4-133936218FA1}.Debug|x64.ActiveCfg = Debug|x64
		{CF5F88D9-1E2C-443B-80F4-133936218FA1}.Debug|x64.Build.0 = Debug|x64
		{CF5F88D9-1E2C-443B-80F4-133936218FA1}.Debug|x86.ActiveCfg = Debug|Win32
		{CF5F88D9-1E2C-443B-80F4-133936218FA1}.Debug|x86.Build.0 = Debug|Win32
		{CF5F88D9-1E2C-443B-80F4-133936218FA1}.Release|x64.ActiveCfg = Release|x64
		{CF5F88D9-1E2C-443B-80F4-133936218FA1}.Release|x64.Build.0 = Release|x64
		{CF5F88D9-1E2C-443B-80F4-133936218FA1}.Release|x86.ActiveCfg = Release|Win32
		{CF5F88D9-1E2C-443B-80F4-133936218FA1}.Release|x86.Build.0 = Release|Win32
		{40C5D865-FCDB-4BBA-93B5-0ABD3B8EC0B4}.Debug|x64.ActiveCfg = Debug|x64
		{40C5D865-FCDB-4BBA-93B5-0ABD3B8EC0B4}.Debug|x64.Build.0 = Debug|x64
		{40C5D865-FCDB-4BBA-93B5-0ABD3B8EC0B4}.Debug|x86.ActiveCfg = Debug|Win32
		{40C5D865-FCDB-4BBA-93B5-0ABD3B8EC0B4}.Debug|x86.Build.0 = Debug|Win32
		{40C5D865-FCDB-4BBA-93B5-0ABD3B8EC0B4}.Release|x64.ActiveCfg = Release|x64
		{40C5D865-FCDB-4BBA-93B5-0ABD3B8EC0B4}.Release|x64.Build.0 = Release|x64
		{40C5D865-FCDB-4BBA-93B5-0ABD3B8EC0B4}.Release|x86.ActiveCfg = Release|Win32
		{40C5D865-FCDB-4BBA-93B5-0ABD3B8EC0B4}.Release|x86.Build.0 = Release|Win32
		{DAD530A4-88D8-4DDE-BC49-F312B0039AF3}.Debug|x64.ActiveCfg = Debug|x64
		{DAD530A4-88D8-4DDE-BC49-F312B0039AF3}.Debug|x64.Build.0 = Debug|x64
		{DAD530A4-88D8-4DDE-BC49-F312B0039AF3}.Debug|x86.ActiveCfg = Debug|Win32
		{DAD530A4-88D8-4DDE-BC49-F312B0039AF3}.Debug|x86.Build.0 = Debug|Win32
		{DAD530A4-88D8-4DDE-BC49-F312B0039AF3}.Release|x64.ActiveCfg = Release|x64
		{DAD530A4-88D8-4DDE-BC49-F312B0039AF3}.Release|x64.Build.0 = Release|x64
		{DAD530A4-88D8-4DDE-BC49-F312B0039AF3}.Release|x86.ActiveCfg = Release|Win32
		{DAD530A4-88D8-4DDE-BC49-F312B0039AF3}.Release|x86.Build.0 = Release|Win32
		{EC15408B-60CB-426A-AB47-CC6E3407F870}.Debug|x64.ActiveCfg = Debug|x64
		{EC15408B-60CB-426A-AB47-CC6E3407F870}.Debug|x64.Build.0 = Debug|x64
		{EC15408B-60CB-426A-AB47-CC6E3407F870}.Debug|x86.ActiveCfg = Debug|Win32
		{EC15408B-60CB-426A-AB47-CC6E3407F870}.Debug|x86.Build.0 = Debug|Win32
		{EC15408B-60CB-426A-AB47-CC6E3407F870}.Release|x64.ActiveCfg = Release|x64
		{EC15408B-60CB-426A-AB47-CC6E3407F870}.Release|x64.Build.0 = Release|x64
		{EC15408B-60CB-426A-AB47-CC6E3407F870}.Release|x86.ActiveCfg = Release|Win32
		{EC15408B-60CB-426A-AB47-CC6E3407F870}.Release|x86.Build.0 = Release|Win32
		{74DBB0E7-D12A-47AC-94A2-752C822334C9}.Debug|x64.ActiveCfg = Debug|x64
		{74DBB0E7-D12A-47AC-94A2-752C822334C9}.Debug|x64.Build.0 = Debug|x64
		{74DBB0E7-D12A-47AC-94A2-752C822334C9}.Debug|x86.ActiveCfg = Debug|Win32
		{74DBB0E7-D12A-47AC-94A2-752C822334C9}.Debug|x86.Build.0 = Debug|Win32
		{74DBB0E7-D12A-47AC-94A2-752C822334C9}.Release|x64.ActiveCfg = Release|x64
		{74DBB0E7-D12A-47AC-94A2-752C822334C9}.Release|x64.Build.0 = Release|x64
		{74DBB0E7-D12A-47AC-94A2-752C822334C9}.Release|x86.ActiveCfg = Release|Win32
		{74DBB0E7-D12A-47AC-94A2-752C822334C9}.Release|x86.Build.0 = Release|Win32
		{5B1AE1EA-08AA-4747-855B-029DDFB7EF7C}.Debug|x64.ActiveCfg = Debug|x64
		{5B1AE1EA-08AA-4747-855B-029DDFB7EF7C}.Debug|x64.Build.0 = Debug|x64
		{5B1AE1EA-08AA-4747-855B-029DDFB7EF7C}.Debug|x86.ActiveCfg = Debug|Win32
		{5B1AE1EA-08AA-4747-855B-029DDFB7EF7C}.Debug|x86.Build.0 = Debug|Win32
		{5B1AE1EA-08AA-4747-855B-029DDFB7EF7C}.Release|x64.ActiveCfg = Release|x64
		{5B1AE1EA-08AA-4747-855B-029DDFB7EF7C}.Release|x64.Build.0 = Release|x64
		{5B1AE1EA-08AA-4747-855B-029DDFB7EF7C}.Release|x86.ActiveCfg = Release|Win32
		{5B1AE1EA-08AA-4747-855B-029DDFB7EF7C}.Release|x86.Build.0 = Release|Win32
		{CD56FBA9-9FE3-4DCD-A2C4-4A4EBF1C0B80}.Debug|x64.ActiveCfg = Debug|x64
		{CD56FBA9-9FE3-4DCD-A2C4-4A4EBF1C0B80}.Debug|x64.Build.0 = Debug|x64
		{CD56FBA9-9FE3-4DCD-A2C4-4A4EBF1C0B80}.Debug|x86.ActiveCfg = Debug|Win32
		{CD56FBA9-9FE3-4DCD-A2C4-4A4EBF1C0B80}.Debug|x86.Build.0 = Debug|Win32
		{CD56FBA9-9FE3-4DCD-A2C4-4A4EBF1C0B80}.Release|x64.ActiveCfg = Release|x64
		{CD56FBA9-9FE3-4DCD-A2C4-4A4EBF1C0B80}.Release|x64.Build.0 = Release|x64
		{CD56FBA9-9FE3-4DCD-A2C4-4A4EBF1C0B80}.Release|x86.ActiveCfg = Release|Win32
		{CD56FBA9-9FE3-4DCD-A2C4-4A4EBF1C0B80}.Release|x86.Build.0 = Release|Win32
		{2BA4AE97-2554-4B39-A635-A5561395C557}.Debug|x64.ActiveCfg = Debug|x64
		{2BA4AE97-2554-4B39-A635-A5561395C557}.Debug|x64.Build.0 = Debug|x64
		{2BA4AE97-2554-4B39-A635-A5561395C557}.Debug|x86.ActiveCfg = Debug|Win32
		{2BA4AE97-2554-4B39-A635-A5561395C557}.Debug|x86.Build.0 = Debug|Win32
		{2BA4AE97-2554-4B39-A635-A5561395C557}.Release|x64.ActiveCfg = Release|x64
		{2BA4AE97-2554-4B39-A635-A5561395C557}.Release|x64.Build.0 = Release|x64
		{2BA4AE97-2554-4B39-A635-A5561395C557}.Release|x86.ActiveCfg = Release|Win32
		{2BA4AE97-2554-4B39-A635-A5561395C557}.Release|x86.Build.0 = Release|Win32
		{B977B0F0-3C6D-447F-8943-D39BC6D61E52}.Debug|x64.ActiveCfg = Debug|x64
		{B977B0F0-3C6D-447F-8943-D39BC6D61E52}.Debug|x64.Build.0 = Debug|x64
		{B977B0F0-3C6D-447F-8943-D39BC6D61E52}.Debug|x86.ActiveCfg = Debug|Win32
		{B977B0F0-3C6D-447F-8943-D39BC6D61E52}.Debug|x86.Build.0 = Debug|Win32
		{B977B0F0-3C6D-447F-8943-D39BC6D61E52}.Release|x64.ActiveCfg = Release|x64
		{B977B0F0-3C6D-447F-8943-D39BC6D61E52}.Release|x64.Build.0 = Release|x64
		{B977B0F0-3C6D-447F-8943-D39BC6D61E52}.Release|x86.ActiveCfg = Release|Win32
		{B977B0F0-3C6D-447F-8943-D39BC6D61E52}.Release|x86.Build.0 = Release|Win32
		{35BAA05D-41E7-41CC-A244-CFA95BAE7BEA}.Debug|x64.ActiveCfg = Debug|x64
		{35BAA05D-41E7-41CC-A244-CFA95BAE7BEA}.Debug|x64.Build.0 = Debug|x64
		{35BAA05D-41E7-41CC-A244-CFA95BAE7BEA}.Debug|x86.ActiveCfg = Debug|Win32
		{35BAA05D-41E7-41CC-A244-CFA95BAE7BEA}.Debug|x86.Build.0 = Debug|Win32
		{35BAA05D-41E7-41CC-A244-CFA95BAE7BEA}.Release|x64.ActiveCfg = Release|x64
		{35BAA05D-41E7-41CC-A244-CFA95BAE7BEA}.Release|x64.Build.0 = Release|x64
		{35BAA05D-41E7-41CC-A244-CFA95BAE7BEA}.Release|x86.ActiveCfg = Release|Win32
		{35BAA05D-41E7-41CC-A244-CFA95BAE7BEA}.Release|x86.Build.0 = Release|Win32
		{983B7B52-776B-4618-B1CF-62984B092A45}.Debug|x64.ActiveCfg = Debug|x64
		{983B7B52-776B-4618-B1CF-62984B092A45}.Debug|x64.Build.0 = Debug|x64
		{983B7B52-776B-4618-B1CF-62984B092A45}.Debug|x86.ActiveCfg = Debug|Win32
		{983B7B52-776B-4618-B1CF-62984B092A45}.Debug|x86.Build.0 = Debug|Win32
		{983B7B52-776B-4618-B1CF-62984B092A45}.Release|x64.ActiveCfg = Release|x64
		{983B7B52-776B-4618-B1CF-62984B092A45}.Release|x64.Build.0 = Release|x64
		{983B7B52-776B-4618-B1CF-62984B092A45}.Release|x86.ActiveCfg = Release|Win32
		{983B7B52-776B-4618-B1CF-62984B092A45}.Release|x86.Build.0 = Release|Win32
		{01762497-BC0F-4DBD-BD65-481F35F1FC9A}.Debug|x64.ActiveCfg = Debug|x64
		{01762497-BC0F-4DBD-BD65-481F35F1FC9A}.Debug|x64.Build.0 = Debug|x64
		{01762497-BC0F-4DBD-BD65-481F35F1FC9A}.Debug|x86.ActiveCfg = Debug|Win32
		{01762497-BC0F-4DBD-BD65-481F35F1FC9A}.Debug|x86.Build.0 = Debug|Win32
		{01762497-BC0F-4DBD-BD65-481F35F1FC9A}.Release|x64.ActiveCfg = Release|x64
		{01762497-BC0F-4DBD-BD65-481F35F1FC9A}.Release|x64.Build.0 = Release|x64
		{01762497-BC0F-4DBD-BD65-481F35F1FC9A}.Release|x86.ActiveCfg = Release|Win32
		{01762497-BC0F-4DBD-BD65-481F35F1FC9A}.Release|x86.Build.0 = Release|Win32
		{7C65568E-D855-4A19-9383-87A134C77E7E}.Debug|x64.ActiveCfg = Debug|x64
		{7C65568E-D855-4A19-9383-87A134C77E7E}.Debug|x64.Build.0 = Debug|x64
		{7C65568E-D855-4A19-9383-87A134C77E7E}.Debug|x86.ActiveCfg = Debug|Win32
		{7C65568E-D855-4A19-9383-87A134C77E7E}.Debug|x86.Build.0 = Debug|Win32
		{7C65568E-D855-4A19-9383-87A134C77E7E}.Release|x64.ActiveCfg = Release|x64
		{7C65568E-D855-4A19-9383-87A134C77E7E}.Release|x64.Build.0 = Release|x64
		{7C65568E-D855-4A19-9383-87A134C77E7E}.Release|x86.ActiveCfg = Release|Win32
		{7C65568E-D855-4A19-9383-87A134C77E7E}.Release|x86.Build.0 = Release|Win32
		{2B907302-6AAA-40BD-964F-BDB060EFE77F}.Debug|x64.ActiveCfg = Debug|x64
		{2B907302-6AAA-40BD-964F-BDB060EFE77F}.Debug|x64.Build.0 = Debug|x64
		{2B907302-6AAA-40BD-964F-BDB060EFE77F}.Debug|x86.ActiveCfg = Debug|Win32
		{2B907302-6AAA-40BD-964F-BDB060EFE77F}.Debug|x86.Build.0 = Debug|Win32
		{2B907302-6AAA-40BD-964F-BDB060EFE77F}.Release|x64.ActiveCfg = Release|x64
		{2B907302-6AAA-40BD-964F-BDB060EFE77F}.Release|x64.Build.0 = Release|x64
		{2B907302-6AAA-40BD-964F-BDB060EFE77F}.Release|x86.ActiveCfg = Release|Win32
		{2B907302-6AAA-40BD-964F-BDB060EFE77F}.Release|x86.Build.0 = Release|Win32
		{C8FCB8EF-575E-4715-9075-7EE9DEF80854}.Debug|x64.ActiveCfg = Debug|x64
		{C8FCB8EF-575E-4715-9075-7EE9DEF80854}.Debug|x64.Build.0 = Debug|x64
		{C8FCB8EF-575E-4715-9075-7EE9DEF80854}.Debug|x86.ActiveCfg = Debug|Win32
		{C8FCB8EF-575E-4715-9075-7EE9DEF80854}.Debug|x86.Build.0 = Debug|Win32
		{C8FCB8EF-575E-4715-9075-7EE9DEF80854}.Release|x64.ActiveCfg = Release|x64
		{C8FCB8EF-575E-4715-9075-7EE9DEF80854}.Release|x64.Build.0 = Release|x64
		{C8FCB8EF-575E-4715-9075-7EE9DEF80854}.Release|x86.ActiveCfg = Release|Win32
		{C8FCB8EF-575E-4715-9075-7EE9DEF80854}.Release|x86.Build.0 = Release|Win32
		{E9813492-F64C-4889-AC2D-A643DCC20343}.Debug|x64.ActiveCfg = Debug|x64
		{E9813492-F64C-4889-AC2D-A643DCC20343}.Debug|x64.Build.0 = Debug|x64
		{E9813492-F64C-4889-AC2D-A643DCC20343}.Debug|x86.ActiveCfg = Debug|Win32
		{E9813492-F64C-4889-AC2D-A643DCC20343}.Debug|x86.Build.0 = Debug|Win32
		{E9813492-F64C-4889-AC2D-A643DCC20343}.Release|x64.ActiveCfg = Release|x64
		{E9813492-F64C-4889-AC2D-A643DCC20343}.Release|x64.Build.0 = Release|x64
		{E9813492-F64C-4889-AC2D-A643DCC20343}.Release|x86.ActiveCfg = Release|Win32
		{E9813492-F64C-4889-AC2D-A643DCC20343}.Release|x86.Build.0 = Release|Win32
		{02EBF92A-FD01-4A57-A47A-853EDB08BEF9}.Debug|x64.ActiveCfg = Debug|x64
		{02EBF92A-FD01-4A57-A47A-853EDB08BEF9}.Debug|x64.Build.0 = Debug|x64
		{02EBF92A-FD01-4A57-A47A-853EDB08BEF9}.Debug|x86.ActiveCfg = Debug|Win32
		{02EBF92A-FD01-4A57-A47A-853EDB08BEF9}.Debug|x86.Build.0 = Debug|Win32
		{02EBF92A-FD01-4A57-A47A-853EDB08BEF9}.Release|x64.ActiveCfg = Release|x64
		{02EBF92A-FD01-4A57-A47A-853EDB08BEF9}.Release|x64.Build.0 = Release|x64
		{02EBF92A-FD01-4A57-A47A-853EDB08BEF9}.Release|x86.ActiveCfg = Release|Win32
		{02EBF92A-FD01-4A57-A47A-853EDB08BEF9}.Release|x86.Build.0 = Release|Win32
		{FAF1A1FC-E283-4C5A-BC52-ACE75D7FA731}.Debug|x64.ActiveCfg = Debug|x64
		{FAF1A1FC-E283-4C5A-BC52-ACE75D7FA731}.Debug|x64.Build.0 = Debug|x64
		{FAF1A1FC-E283-4C5A-BC52-ACE75D7FA731}.Debug|x86.ActiveCfg = Debug|Win32
		{FAF1A1FC-E283-4C5A-BC52-ACE75D7FA731}.Debug|x86.Build.0 = Debug|Win32
		{FAF1A1FC-E283-4C5A-BC52-ACE75D7FA731}.Release|x64.ActiveCfg = Release|x64
		{FAF1A1FC-E283-4C5A-BC52-ACE75D7FA731}.Release|x64.Build.0 = Release|x64
		{FAF1A1FC-E283-4C5A-BC52-ACE75D7FA731}.Release|x86.ActiveCfg = Release|Win32
		{FAF1A1FC-E283-4C5A-BC52-ACE75D7FA731}.Release|x86.Build.0 = Release|Win32
		{5F9913D1-5A2E-4EBA-A66A-E6DDAB994FC9}.Debug|x64.ActiveCfg = Debug|x64
		{5F9913D1-5A2E-4EBA-A66A-E6DDAB994FC9}.Debug|x64.Build.0 = Debug|x64
		{5F9913D1-5A2E-4EBA-A66A-E6DDAB994FC9}.Debug|x86.ActiveCfg = Debug|Win32
		{5F9913D1-5A2E-4EBA-A66A-E6DDAB994FC9}.Debug|x86.Build.0 = Debug|Win32
		{5F9913D1-5A2E-4EBA-A66A-E6DDAB994FC9}.Release|x64.ActiveCfg = Release|x64
		{5F9913D1-5A2E-4EBA-A66A-E6DDAB994FC9}.Release|x64.Build.0 = Release|x64
		{5F9913D1-5A2E-4EBA-A66A-E6DDAB994FC9}.Release|x86.ActiveCfg = Release|Win32
		{5F9913D1-5A2E-4EBA-A66A-E6DDAB994FC9}.Release|x86.Build.0 = Release|Win32
		{DAF73772-6311-4D43-B5DB-7CFBB9A7F00A}.Debug|x64.ActiveCfg = Debug|x64
		{DAF73772-6311-4D43-B5DB-7CFBB9A7F00A}.Debug|x64.Build.0 = Debug|x64
		{DAF73772-6311-4D43-B5DB-7CFBB9A7F00A}.Debug|x86.ActiveCfg = Debug|Win32
		{DAF73772-6311-4D43-B5DB-7CFBB9A7F00A}.Debug|x86.Build.0 = Debug|Win32
		{DAF73772-6311-4D43-B5DB-7CFBB9A7F00A}.Release|x64.ActiveCfg = Release|x64
		{DAF73772-6311-4D43-B5DB-7CFBB9A7F00A}.Release|x64.Build.0 = Release|x64
		{DAF73772-6311-4D43-B5DB-7CFBB9A7F00A}.Release|x86.ActiveCfg = Release|Win32
		{DAF73772-6311-4D43-B5DB-7CFBB9A7F00A}.Release|x86.Build.0 = Release|Win32
		{14AEDCA6-FE2A-4DBB-A545-04CA0A5E7D69}.Debug|x64.ActiveCfg = Debug|x64
		{14AEDCA6-FE2A-4DBB-A545-04CA0A5E7D69}.Debug|x64.Build.0 = Debug|x64
		{14AEDCA6-FE2A-4DBB-A545-04CA0A5E7D69}.Debug|x86.ActiveCfg = Debug|Win32
		{14AEDCA6-FE2A-4DBB-A545-04CA0A5E7D69}.Debug|x86.Build.0 = Debug|Win32
		{14AEDCA6-FE2A-4DBB-A545-04CA0A5E7D69}.Release|x64.ActiveCfg = Release|x64
		{14AEDCA6-FE2A-4DBB-A545-04CA0A5E7D69}.Release|x64.Build.0 = Release|x64
		{14AEDCA6-FE2A-4DBB-A545-04CA0A5E7D69}.Release|x86.ActiveCfg = Release|Win32
		{14AEDCA6-FE2A-4DBB-A545-04CA0A5E7D69}.Release|x86.Build.0 = Release|Win32
		{E98A8EFC-4E29-407C-B4A8-2FBC98AE7403}.Debug|x64.ActiveCfg = Debug|x64
		{E98A8EFC-4E29-407C-B4A8-2FBC98AE7403}.Debug|x64.Build.0 = Debug|x64
		{E98A8EFC-4E29-407C-B4A8-2FBC98AE7403}.Debug|x86.ActiveCfg = Debug|Win32
		{E98A8EFC-4E29-407C-B4A8-2FBC98AE7403}.Debug|x86.Build.0 = Debug|Win32
		{E98A8EFC-4E29-407C-B4A8-2FBC98AE7403}.Release|x64.ActiveCfg = Release|x64
		{E98A8EFC-4E29-407C-B4A8-2FBC98AE7403}.Release|x64.Build.0 = Release|x64
		{E98A8EFC-4E29-407C-B4A8-2FBC98AE7403}.Release|x86.ActiveCfg = Release|Win32
		{E98A8EFC-4E29-407C-B4A8-2FBC98AE7403}.Release|x86.Build.0 = Release|Win32
		{A3056BE7-62D3-4ABD-9BA0-A06031A86E16}.Debug|x64.ActiveCfg = Debug|x64
		{A3056BE7-62D3-4ABD-9BA0-A06031A86E16}.Debug|x64.Build.0 = Debug|x64
		{A3056BE7-62D3-4ABD-9BA0-A06031A86E16}.Debug|x86.ActiveCfg = Debug|Win32
		{A3056BE7-62D3-4ABD-9BA0-A06031A86E16}.Debug|x86.Build.0 = Debug|Win32
		{A3056BE7-62D3-4ABD-9BA0-A06031A86E16}.Release|x64.ActiveCfg = Release|x64
		{A3056BE7-62D3-4ABD-9BA0-A06031A86E16}.Release|x64.Build.0 = Release|x64
		{A3056BE7-62D3-4ABD-9BA0-A06031A86E16}.Release|x86.ActiveCfg = Release|Win32
		{A3056BE7-62D3-4ABD-9BA0-A06031A86E16}.Release|x86.Build.0 = Release|Win32
		{A4E600E5-FA76-4F88-84DA-E25224288117}.Debug|x64.ActiveCfg = Debug|x64
		{A4E600E5-FA76-4F88-84DA-E25224288117}.Debug|x64.Build.0 = Debug|x64
		{A4E600E5-FA76-4F88-84DA-E25224288117}.Debug|x86.ActiveCfg = Debug|Win32
		{A4E600E5-FA76-4F88-84DA-E25224288117}.Debug|x86.Build.0 = Debug|Win32
		{A4E600E5-FA76-4F88-84DA-E25224288117}.Release|x64.ActiveCfg = Release|x64
		{A4E600E5-FA76-4F88-84DA-E25224288117}.Release|x64.Build.0 = Release|x64
		{A4E600E5-FA76-4F88-84DA-E25224288117}.Release|x86.ActiveCfg = Release|Win32
		{A4E600E5-FA76-4F88-84DA-E25224288117}.Release|x86.Build.0 = Release|Win32
		{C379AA7F-5C3E-41A7-8213-31E082AF6AE4}.Debug|x64.ActiveCfg = Debug|x64
		{C379AA7F-5C3E-41A7-8213-31E082AF6AE4}.Debug|x64.Build.0 = Debug|x64
		{C379AA7F-5C3E-41A7-8213-31E082AF6AE4}.Debug|x86.ActiveCfg = Debug|Win32
		{C379AA7F-5C3E-41A7-8213-31E082AF6AE4}.Debug|x86.Build.0 = Debug|Win32
		{C379AA7F-5C3E-41A7-8213-31E082AF6AE4}.Release|x64.ActiveCfg = Release|x64
		{C379AA7F-5C3E-41A7-8213-31E082AF6AE4}.Release|x64.Build.0 = Release|x64
		{C379AA7F-5C3E-41A7-8213-31E082AF6AE4}.Release|x86.ActiveCfg = Release|Win32
		{C379AA7F-5C3E-41A7-8213-31E082AF6AE4}.Release|x86.Build.0 = Release|Win32
		{7C1DF794-8DE3-411F-843F-9A82F5DA9360}.Debug|x64.ActiveCfg = Debug|x64
		{7C1DF794-8DE3-411F-843F-9A82F5DA9360}.Debug|x64.Build.0 = Debug|x64
		{7C1DF794-8DE3-411F-843F-9A82F5DA9360}.Debug|x86.ActiveCfg = Debug|Win32
		{7C1DF794-8DE3-411F-843F-9A82F5DA9360}.Debug|x86.Build.0 = Debug|Win32
		{7C1DF794-8DE3-411F-843F-9A82F5DA9360}.Release|x64.ActiveCfg = Release|x64
		{7C1DF794-8DE3-411F-843F-9A82F5DA9360}.Release|x64.Build.0 = Release|x64
		{7C1DF794-8DE3-411F-843F-9A82F5DA9360}.Release|x86.ActiveCfg = Release|Win32
		{7C1DF794-8DE3-411F-843F-9A82F5DA9360}.Release|x86.Build.0 = Release|Win32
		{45B188BF-ECEC-4F35-9EB0-1DBD07D9AEBF}.Debug|x64.ActiveCfg = Debug|x64
		{45B188BF-ECEC-4F35-9EB0-1DBD07D9AEBF}.Debug|x64.Build.0 = Debug|x64
		{45B188BF-ECEC-4F35-9EB0-1DBD07D9AEBF}.Debug|x86.ActiveCfg = Debug|Win32
		{45B188BF-ECEC-4F35-9EB0-1DBD07D9AEBF}.Debug|x86.Build.0 = Debug|Win32
		{45B188BF-ECEC-4F35-9EB0-1DBD07D9AEBF}.Release|x64.ActiveCfg = Release|x64
		{45B188BF-ECEC-4F35-9EB0-1DBD07D9AEBF}.Release|x64.Build.0 = Release|x64
		{45B188BF-ECEC-4F35-9EB0-1DBD07D9AEBF}.Release|x86.ActiveCfg = Release|Win32
		{45B188BF-ECEC-4F35-9EB0-1DBD07D9AEBF}.Release|x86.Build.0 = Release|Win32
		{930B4E8E-1E41-4F31-B2A3-626B30B3F736}.Debug|x64.ActiveCfg = Debug|x64
		{930B4E8E-1E41-4F31-B2A3-626B30B3F736}.Debug|x64.Build.0 = Debug|x64
		{930B4E8E-1E41-4F31-B2A3-626B30B3F736}.Debug|x86.ActiveCfg = Debug|Win32
		{930B4E8E-1E41-4F31-B2A3-626B30B3F736}.Debug|x86.Build.0 = Debug|Win32
		{930B4E8E-1E41-4F31-B2A3-626B30B3F736}.Release|x64.ActiveCfg = Release|x64
		{930B4E8E-1E41-4F31-B2A3-626B30B3F736}.Release|x64.Build.0 = Release|x64
		{930B4E8E-1E41-4F31-B2A3-626B30B3F736}.Release|x86.ActiveCfg = Release|Win32
		{930B4E8E-1E41-4F31-B2A3-626B30B3F736}.Release|x86.Build.0 = Release|Win32
		{48277094-CE0C-46B0-BE9D-1BBD4349D9ED}.Debug|x64.ActiveCfg = Debug|x64
		{48277094-CE0C-46B0-BE9D-1BBD4349D9ED}.Debug|x64.Build.0 = Debug|x64
		{48277094-CE0C-46B0-BE9D-1BBD4349D9ED}.Debug|x86.ActiveCfg = Debug|Win32
		{48277094-CE0C-46B0-BE9D-1BBD4349D9ED}.Debug|x86.Build.0 = Debug|Win32
		{48277094-CE0C-46B0-BE9D-1BBD4349D9ED}.Release|x64.ActiveCfg = Release|x64
		{48277094-CE0C-46B0-BE9D-1BBD4349D9ED}.Release|x64.Build.0 = Release|x64
		{48277094-CE0C-46B0-BE9D-1BBD4349D9ED}.Release|x86.ActiveCfg = Release|Win32
		{48277094-CE0C-46B0-BE9D-1BBD4349D9ED}.Release|x86.Build.0 = Release|Win32
		{483981AF-6F93-457E-8946-C775CF41D050}.Debug|x64.ActiveCfg = Debug|x64
		{483981AF-6F93-457E-8946-C775CF41D050}.Debug|x64.Build.0 = Debug|x64
		{483981AF-6F93-457E-8946-C775CF41D050}.Debug|x86.ActiveCfg = Debug|Win32
		{483981AF-6F93-457E-8946-C775CF41D050}.Debug|x86.Build.0 = Debug|Win32
		{483981AF-6F93-457E-8946-C775CF41D050}.Release|x64.ActiveCfg = Release|x64
		{483981AF-6F93-457E-8946-C775CF41D050}.Release|x64.Build.0 = Release|x64
		{483981AF-6F93-457E-8946-C775CF41D050}.Release|x86.ActiveCfg = Release|Win32
		{483981AF-6F93-457E-8946-C775CF41D050}.Release|x86.Build.0 = Release|Win32
		{094F3AA5-213B-41FA-9531-B9B6DB01D538}.Debug|x64.ActiveCfg = Debug|x64
		{094F3AA5-213B-41FA-9531-B9B6DB01D538}.Debug|x64.Build.0 = Debug|x64
		{094F3AA5-213B-41FA-9531-B9B6DB01D538}.Debug|x86.ActiveCfg = Debug|Win32
		{094F3AA5-213B-41FA-9531-B9B6DB01D538}.Debug|x86.Build.0 = Debug|Win32
		{094F3AA5-213B-41FA-9531-B9B6DB01D538}.Release|x64.ActiveCfg = Release|x64
		{094F3AA5-213B-41FA-9531-B9B6DB01D538}.Release|x64.Build.0 = Release|x64
		{094F3AA5-213B-41FA-9531-B9B6DB01D538}.Release|x86.ActiveCfg = Release|Win32
		{094F3AA5-213B-41FA-9531-B9B6DB01D538}.Release|x86.Build.0 = Release|Win32
		{0621A4BB-C8AE-4D42-87C4-A1D76B0454EB}.Debug|x64.ActiveCfg = Debug|x64
		{0621A4BB-C8AE-4D42-87C4-A1D76B0454EB}.Debug|x64.Build.0 = Debug|x64
		{0621A4BB-C8AE-4D42-87C4-A1D76B0454EB}.Debug|x86.ActiveCfg = Debug|Win32
		{0621A4BB-C8AE-4D42-87C4-A1D76B0454EB}.Debug|x86.Build.0 = Debug|Win32
		{0621A4BB-C8AE-4D42-87C4-A1D76B0454EB}.Release|x64.ActiveCfg = Release|x64
		{0621A4BB-C8AE-4D42-87C4-A1D76B0454EB}.Release|x64.Build.0 = Release|x64
		{0621A4BB-C8AE-4D42-87C4-A1D76B0454EB}.Release|x86.ActiveCfg = Release|Win32
		{0621A4BB-C8AE-4D42-87C4-A1D76B0454EB}.Release|x86.Build.0 = Release|Win32
		{EC06557B-E0D9-4D90-B1B3-9C45BC964422}.Debug|x64.ActiveCfg = Debug|x64
		{EC06557B-E0D9-4D90-B1B3-9C45BC964422}.Debug|x64.Build.0 = Debug|x64
		{EC06557B-E0D9-4D90-B1B3-9C45BC964422}.Debug|x86.ActiveCfg = Debug|Win32
		{EC06557B-E0D9-4D90-B1B3-9C45BC964422}.Debug|x86.Build.0 = Debug|Win32
		{EC06557B-E0D9-4D90-B1B3-9C45BC964422}.Release|x64.ActiveCfg = Release|x64
		{EC06557B-E0D9-4D90-B1B3-9C45BC964422}.Release|x64.Build.0 = Release|x64
		{EC06557B-E0D9-4D90-B1B3-9C45BC964422}.Release|x86.ActiveCfg = Release|Win32
		{EC06557B-E0D9-4D90-B1B3-9C45BC964422}.Release|x86.Build.0 = Release|Win32
		{DA547FEB-1C95-46FB-BD9E-CBE495B8247B}.Debug|x64.ActiveCfg = Debug|x64
		{DA547FEB-1C95-46FB-BD9E-CBE495B8247B}.Debug|x64.Build.0 = Debug|x64
		{DA547FEB-1C95-46FB-BD9E-CBE495B8247B}.Debug|x86.ActiveCfg = Debug|Win32
		{DA547FEB-1C95-46FB-BD9E-CBE495B8247B}.Debug|x86.Build.0 = Debug|Win32
		{DA547FEB-1C95-46FB-BD9E-CBE495B8247B}.Release|x64.ActiveCfg = Release|x64
		{DA547FEB-1C95-46FB-BD9E-CBE495B8247B}.Release|x64.Build.0 = Release|x64
		{DA547FEB-1C95-46FB-BD9E-CBE495B8247B}.Release|x86.ActiveCfg = Release|Win32
		{DA547FEB-1C95-46FB-BD9E-CBE495B8247B}.Release|x86.Build.0 = Release|Win32
	EndGlobalSection
	GlobalSection(SolutionProperties) = preSolution
		HideSolutionNode = FALSE
	EndGlobalSection
	GlobalSection(NestedProjects) = preSolution
		{64F88135-2C9E-4DEB-9EE2-A6E116B09FE9} = {60F8E072-6781-441E-82FD-9F400578602D}
		{39AB35A8-0693-4708-B7D7-8198CF5E6CDF} = {10F51037-4764-4087-8827-3AD81756525D}
		{AF5E412D-03FF-4F10-BE67-E0652FB36CD6} = {10F51037-4764-4087-8827-3AD81756525D}
		{5F75F18E-3995-4682-BD5F-E8FF4AFC34CC} = {10F51037-4764-4087-8827-3AD81756525D}
		{57EF89D3-EE99-441C-AE70-384F4AC84CD9} = {10F51037-4764-4087-8827-3AD81756525D}
		{3F0E02E6-4589-4FD1-AF66-1CD2809F26D8} = {10F51037-4764-4087-8827-3AD81756525D}
		{6CF4B546-088C-4E7D-A939-0A5F169B0D1D} = {10F51037-4764-4087-8827-3AD81756525D}
		{C583D77A-72D4-4035-A7D7-AD5360D2F226} = {10F51037-4764-4087-8827-3AD81756525D}
		{822EF72A-D1B4-4E99-BBAE-41F3E2633B47} = {10F51037-4764-4087-8827-3AD81756525D}
		{BE8A8ACC-6F06-42EF-B72D-BB9D560235F3} = {18486247-01C8-4DF9-B349-53D1831DD291}
		{CF5F88D9-1E2C-443B-80F4-133936218FA1} = {18486247-01C8-4DF9-B349-53D1831DD291}
		{40C5D865-FCDB-4BBA-93B5-0ABD3B8EC0B4} = {18486247-01C8-4DF9-B349-53D1831DD291}
		{DAD530A4-88D8-4DDE-BC49-F312B0039AF3} = {18486247-01C8-4DF9-B349-53D1831DD291}
		{EC15408B-60CB-426A-AB47-CC6E3407F870} = {18486247-01C8-4DF9-B349-53D1831DD291}
		{74DBB0E7-D12A-47AC-94A2-752C822334C9} = {18486247-01C8-4DF9-B349-53D1831DD291}
		{5B1AE1EA-08AA-4747-855B-029DDFB7EF7C} = {18486247-01C8-4DF9-B349-53D1831DD291}
		{CD56FBA9-9FE3-4DCD-A2C4-4A4EBF1C0B80} = {18486247-01C8-4DF9-B349-53D1831DD291}
		{2BA4AE97-2554-4B39-A635-A5561395C557} = {18486247-01C8-4DF9-B349-53D1831DD291}
		{B977B0F0-3C6D-447F-8943-D39BC6D61E52} = {18486247-01C8-4DF9-B349-53D1831DD291}
		{35BAA05D-41E7-41CC-A244-CFA95BAE7BEA} = {BD770F86-3357-4D9E-9D10-815E3E7603DF}
		{983B7B52-776B-4618-B1CF-62984B092A45} = {BD770F86-3357-4D9E-9D10-815E3E7603DF}
		{01762497-BC0F-4DBD-BD65-481F35F1FC9A} = {BD770F86-3357-4D9E-9D10-815E3E7603DF}
		{7C65568E-D855-4A19-9383-87A134C77E7E} = {BD770F86-3357-4D9E-9D10-815E3E7603DF}
		{2B907302-6AAA-40BD-964F-BDB060EFE77F} = {BD770F86-3357-4D9E-9D10-815E3E7603DF}
		{C8FCB8EF-575E-4715-9075-7EE9DEF80854} = {BD770F86-3357-4D9E-9D10-815E3E7603DF}
		{E9813492-F64C-4889-AC2D-A643DCC20343} = {BD770F86-3357-4D9E-9D10-815E3E7603DF}
		{02EBF92A-FD01-4A57-A47A-853EDB08BEF9} = {BD770F86-3357-4D9E-9D10-815E3E7603DF}
		{FAF1A1FC-E283-4C5A-BC52-ACE75D7FA731} = {BD770F86-3357-4D9E-9D10-815E3E7603DF}
		{5F9913D1-5A2E-4EBA-A66A-E6DDAB994FC9} = {B5671EDD-D23C-490E-B0E2-555DE6B437CB}
		{DAF73772-6311-4D43-B5DB-7CFBB9A7F00A} = {B5671EDD-D23C-490E-B0E2-555DE6B437CB}
		{14AEDCA6-FE2A-4DBB-A545-04CA0A5E7D69} = {B5671EDD-D23C-490E-B0E2-555DE6B437CB}
		{E98A8EFC-4E29-407C-B4A8-2FBC98AE7403} = {B5671EDD-D23C-490E-B0E2-555DE6B437CB}
		{A3056BE7-62D3-4ABD-9BA0-A06031A86E16} = {B5671EDD-D23C-490E-B0E2-555DE6B437CB}
		{A4E600E5-FA76-4F88-84DA-E25224288117} = {B5671EDD-D23C-490E-B0E2-555DE6B437CB}
		{C379AA7F-5C3E-41A7-8213-31E082AF6AE4} = {B5671EDD-D23C-490E-B0E2-555DE6B437CB}
		{7C1DF794-8DE3-411F-843F-9A82F5DA9360} = {B5671EDD-D23C-490E-B0E2-555DE6B437CB}
		{45B188BF-ECEC-4F35-9EB0-1DBD07D9AEBF} = {B5671EDD-D23C-490E-B0E2-555DE6B437CB}
		{930B4E8E-1E41-4F31-B2A3-626B30B3F736} = {A64CC1C0-1108-4146-AA5F-26432F4FA2E9}
		{48277094-CE0C-46B0-BE9D-1BBD4349D9ED} = {A64CC1C0-1108-4146-AA5F-26432F4FA2E9}
		{483981AF-6F93-457E-8946-C775CF41D050} = {4CFAEE95-30D8-4F91-B138-BAAAC555E2E5}
		{094F3AA5-213B-41FA-9531-B9B6DB01D538} = {4CFAEE95-30D8-4F91-B138-BAAAC555E2E5}
		{0621A4BB-C8AE-4D42-87C4-A1D76B0454EB} = {4CFAEE95-30D8-4F91-B138-BAAAC555E2E5}
		{EC06557B-E0D9-4D90-B1B3-9C45BC964422} = {4CFAEE95-30D8-4F91-B138-BAAAC555E2E5}
		{DA547FEB-1C95-46FB-BD9E-CBE495B8247B} = {4CFAEE95-30D8-4F91-B138-BAAAC555E2E5}
	EndGlobalSection
	GlobalSection(ExtensibilityGlobals) = postSolution
		SolutionGuid = {209FEC2F-2D98-4C02-A883-E4F6DEFBD308}
	EndGlobalSection
EndGlobal
