
Microsoft Visual Studio Solution File, Format Version 12.00
# Visual Studio Version 16
VisualStudioVersion = 16.0.30011.22
MinimumVisualStudioVersion = 10.0.40219.1
Project("{2150E333-8FDC-42A3-9474-1A3956D46DE8}") = "0 Utilidades", "0 Utilidades", "{60F8E072-6781-441E-82FD-9F400578602D}"
	ProjectSection(SolutionItems) = preProject
		..\..\..\..\..\OneDrive\Universidad\UNIVERSIDAD\UADE\Programacion avanzada\GuiaTP.doc = ..\..\..\..\..\OneDrive\Universidad\UNIVERSIDAD\UADE\Programacion avanzada\GuiaTP.doc
		notas.c = notas.c
		plantilla.c = plantilla.c
	EndProjectSection
EndProject
Project("{2150E333-8FDC-42A3-9474-1A3956D46DE8}") = "1 TP Funciones", "1 TP Funciones", "{10F51037-4764-4087-8827-3AD81756525D}"
	ProjectSection(SolutionItems) = preProject
		TP Funciones.txt = TP Funciones.txt
	EndProjectSection
EndProject
Project("{2150E333-8FDC-42A3-9474-1A3956D46DE8}") = "2 TP Vectores", "2 TP Vectores", "{18486247-01C8-4DF9-B349-53D1831DD291}"
	ProjectSection(SolutionItems) = preProject
		TP vectores.txt = TP vectores.txt
	EndProjectSection
EndProject
Project("{8BC9CEB8-8B4A-11D0-8D11-00A0C91BC942}") = "test", "test\test.vcxproj", "{64F88135-2C9E-4DEB-9EE2-A6E116B09FE9}"
EndProject
Project("{8BC9CEB8-8B4A-11D0-8D11-00A0C91BC942}") = "1.1", "..\Funciones\1.1\tp 1.vcxproj", "{39AB35A8-0693-4708-B7D7-8198CF5E6CDF}"
EndProject
Project("{8BC9CEB8-8B4A-11D0-8D11-00A0C91BC942}") = "1.2", "..\Funciones\1.2\1.2.vcxproj", "{AF5E412D-03FF-4F10-BE67-E0652FB36CD6}"
EndProject
Project("{8BC9CEB8-8B4A-11D0-8D11-00A0C91BC942}") = "1.3", "..\Funciones\1.3\1.3.vcxproj", "{5F75F18E-3995-4682-BD5F-E8FF4AFC34CC}"
EndProject
Project("{8BC9CEB8-8B4A-11D0-8D11-00A0C91BC942}") = "1.4", "..\Funciones\1.4\1.4.vcxproj", "{57EF89D3-EE99-441C-AE70-384F4AC84CD9}"
EndProject
Project("{8BC9CEB8-8B4A-11D0-8D11-00A0C91BC942}") = "1.5", "..\Funciones\1.5\1.5.vcxproj", "{3F0E02E6-4589-4FD1-AF66-1CD2809F26D8}"
EndProject
Project("{8BC9CEB8-8B4A-11D0-8D11-00A0C91BC942}") = "1.6", "..\Funciones\1.6\1.6.vcxproj", "{6CF4B546-088C-4E7D-A939-0A5F169B0D1D}"
EndProject
Project("{8BC9CEB8-8B4A-11D0-8D11-00A0C91BC942}") = "1.7", "..\Funciones\1.7\1.7.vcxproj", "{C583D77A-72D4-4035-A7D7-AD5360D2F226}"
EndProject
Project("{8BC9CEB8-8B4A-11D0-8D11-00A0C91BC942}") = "1.8", "..\Funciones\1.8\1.8.vcxproj", "{822EF72A-D1B4-4E99-BBAE-41F3E2633B47}"
EndProject
Project("{8BC9CEB8-8B4A-11D0-8D11-00A0C91BC942}") = "2.1", "..\Vectores\2.1\2.1.vcxproj", "{BE8A8ACC-6F06-42EF-B72D-BB9D560235F3}"
EndProject
Project("{8BC9CEB8-8B4A-11D0-8D11-00A0C91BC942}") = "2.2", "..\Vectores\2.2\2.2.vcxproj", "{CF5F88D9-1E2C-443B-80F4-133936218FA1}"
EndProject
Project("{8BC9CEB8-8B4A-11D0-8D11-00A0C91BC942}") = "2.3", "..\Vectores\2.3\2.3.vcxproj", "{40C5D865-FCDB-4BBA-93B5-0ABD3B8EC0B4}"
EndProject
Project("{8BC9CEB8-8B4A-11D0-8D11-00A0C91BC942}") = "2.4", "..\Vectores\2.4\2.4.vcxproj", "{DAD530A4-88D8-4DDE-BC49-F312B0039AF3}"
EndProject
Project("{8BC9CEB8-8B4A-11D0-8D11-00A0C91BC942}") = "2.5", "..\Vectores\2.5\2.5.vcxproj", "{EC15408B-60CB-426A-AB47-CC6E3407F870}"
EndProject
Project("{8BC9CEB8-8B4A-11D0-8D11-00A0C91BC942}") = "2.6", "..\Vectores\2.6\2.6.vcxproj", "{74DBB0E7-D12A-47AC-94A2-752C822334C9}"
EndProject
Global
	GlobalSection(SolutionConfigurationPlatforms) = preSolution
		Debug|x64 = Debug|x64
		Debug|x86 = Debug|x86
		Release|x64 = Release|x64
		Release|x86 = Release|x86
	EndGlobalSection
	GlobalSection(ProjectConfigurationPlatforms) = postSolution
		{64F88135-2C9E-4DEB-9EE2-A6E116B09FE9}.Debug|x64.ActiveCfg = Debug|x64
		{64F88135-2C9E-4DEB-9EE2-A6E116B09FE9}.Debug|x64.Build.0 = Debug|x64
		{64F88135-2C9E-4DEB-9EE2-A6E116B09FE9}.Debug|x86.ActiveCfg = Debug|Win32
		{64F88135-2C9E-4DEB-9EE2-A6E116B09FE9}.Debug|x86.Build.0 = Debug|Win32
		{64F88135-2C9E-4DEB-9EE2-A6E116B09FE9}.Release|x64.ActiveCfg = Release|x64
		{64F88135-2C9E-4DEB-9EE2-A6E116B09FE9}.Release|x64.Build.0 = Release|x64
		{64F88135-2C9E-4DEB-9EE2-A6E116B09FE9}.Release|x86.ActiveCfg = Release|Win32
		{64F88135-2C9E-4DEB-9EE2-A6E116B09FE9}.Release|x86.Build.0 = Release|Win32
		{39AB35A8-0693-4708-B7D7-8198CF5E6CDF}.Debug|x64.ActiveCfg = Debug|x64
		{39AB35A8-0693-4708-B7D7-8198CF5E6CDF}.Debug|x64.Build.0 = Debug|x64
		{39AB35A8-0693-4708-B7D7-8198CF5E6CDF}.Debug|x86.ActiveCfg = Debug|Win32
		{39AB35A8-0693-4708-B7D7-8198CF5E6CDF}.Debug|x86.Build.0 = Debug|Win32
		{39AB35A8-0693-4708-B7D7-8198CF5E6CDF}.Release|x64.ActiveCfg = Release|x64
		{39AB35A8-0693-4708-B7D7-8198CF5E6CDF}.Release|x64.Build.0 = Release|x64
		{39AB35A8-0693-4708-B7D7-8198CF5E6CDF}.Release|x86.ActiveCfg = Release|Win32
		{39AB35A8-0693-4708-B7D7-8198CF5E6CDF}.Release|x86.Build.0 = Release|Win32
		{AF5E412D-03FF-4F10-BE67-E0652FB36CD6}.Debug|x64.ActiveCfg = Debug|x64
		{AF5E412D-03FF-4F10-BE67-E0652FB36CD6}.Debug|x64.Build.0 = Debug|x64
		{AF5E412D-03FF-4F10-BE67-E0652FB36CD6}.Debug|x86.ActiveCfg = Debug|Win32
		{AF5E412D-03FF-4F10-BE67-E0652FB36CD6}.Debug|x86.Build.0 = Debug|Win32
		{AF5E412D-03FF-4F10-BE67-E0652FB36CD6}.Release|x64.ActiveCfg = Release|x64
		{AF5E412D-03FF-4F10-BE67-E0652FB36CD6}.Release|x64.Build.0 = Release|x64
		{AF5E412D-03FF-4F10-BE67-E0652FB36CD6}.Release|x86.ActiveCfg = Release|Win32
		{AF5E412D-03FF-4F10-BE67-E0652FB36CD6}.Release|x86.Build.0 = Release|Win32
		{5F75F18E-3995-4682-BD5F-E8FF4AFC34CC}.Debug|x64.ActiveCfg = Debug|x64
		{5F75F18E-3995-4682-BD5F-E8FF4AFC34CC}.Debug|x64.Build.0 = Debug|x64
		{5F75F18E-3995-4682-BD5F-E8FF4AFC34CC}.Debug|x86.ActiveCfg = Debug|Win32
		{5F75F18E-3995-4682-BD5F-E8FF4AFC34CC}.Debug|x86.Build.0 = Debug|Win32
		{5F75F18E-3995-4682-BD5F-E8FF4AFC34CC}.Release|x64.ActiveCfg = Release|x64
		{5F75F18E-3995-4682-BD5F-E8FF4AFC34CC}.Release|x64.Build.0 = Release|x64
		{5F75F18E-3995-4682-BD5F-E8FF4AFC34CC}.Release|x86.ActiveCfg = Release|Win32
		{5F75F18E-3995-4682-BD5F-E8FF4AFC34CC}.Release|x86.Build.0 = Release|Win32
		{57EF89D3-EE99-441C-AE70-384F4AC84CD9}.Debug|x64.ActiveCfg = Debug|x64
		{57EF89D3-EE99-441C-AE70-384F4AC84CD9}.Debug|x64.Build.0 = Debug|x64
		{57EF89D3-EE99-441C-AE70-384F4AC84CD9}.Debug|x86.ActiveCfg = Debug|Win32
		{57EF89D3-EE99-441C-AE70-384F4AC84CD9}.Debug|x86.Build.0 = Debug|Win32
		{57EF89D3-EE99-441C-AE70-384F4AC84CD9}.Release|x64.ActiveCfg = Release|x64
		{57EF89D3-EE99-441C-AE70-384F4AC84CD9}.Release|x64.Build.0 = Release|x64
		{57EF89D3-EE99-441C-AE70-384F4AC84CD9}.Release|x86.ActiveCfg = Release|Win32
		{57EF89D3-EE99-441C-AE70-384F4AC84CD9}.Release|x86.Build.0 = Release|Win32
		{3F0E02E6-4589-4FD1-AF66-1CD2809F26D8}.Debug|x64.ActiveCfg = Debug|x64
		{3F0E02E6-4589-4FD1-AF66-1CD2809F26D8}.Debug|x64.Build.0 = Debug|x64
		{3F0E02E6-4589-4FD1-AF66-1CD2809F26D8}.Debug|x86.ActiveCfg = Debug|Win32
		{3F0E02E6-4589-4FD1-AF66-1CD2809F26D8}.Debug|x86.Build.0 = Debug|Win32
		{3F0E02E6-4589-4FD1-AF66-1CD2809F26D8}.Release|x64.ActiveCfg = Release|x64
		{3F0E02E6-4589-4FD1-AF66-1CD2809F26D8}.Release|x64.Build.0 = Release|x64
		{3F0E02E6-4589-4FD1-AF66-1CD2809F26D8}.Release|x86.ActiveCfg = Release|Win32
		{3F0E02E6-4589-4FD1-AF66-1CD2809F26D8}.Release|x86.Build.0 = Release|Win32
		{6CF4B546-088C-4E7D-A939-0A5F169B0D1D}.Debug|x64.ActiveCfg = Debug|x64
		{6CF4B546-088C-4E7D-A939-0A5F169B0D1D}.Debug|x64.Build.0 = Debug|x64
		{6CF4B546-088C-4E7D-A939-0A5F169B0D1D}.Debug|x86.ActiveCfg = Debug|Win32
		{6CF4B546-088C-4E7D-A939-0A5F169B0D1D}.Debug|x86.Build.0 = Debug|Win32
		{6CF4B546-088C-4E7D-A939-0A5F169B0D1D}.Release|x64.ActiveCfg = Release|x64
		{6CF4B546-088C-4E7D-A939-0A5F169B0D1D}.Release|x64.Build.0 = Release|x64
		{6CF4B546-088C-4E7D-A939-0A5F169B0D1D}.Release|x86.ActiveCfg = Release|Win32
		{6CF4B546-088C-4E7D-A939-0A5F169B0D1D}.Release|x86.Build.0 = Release|Win32
		{C583D77A-72D4-4035-A7D7-AD5360D2F226}.Debug|x64.ActiveCfg = Debug|x64
		{C583D77A-72D4-4035-A7D7-AD5360D2F226}.Debug|x64.Build.0 = Debug|x64
		{C583D77A-72D4-4035-A7D7-AD5360D2F226}.Debug|x86.ActiveCfg = Debug|Win32
		{C583D77A-72D4-4035-A7D7-AD5360D2F226}.Debug|x86.Build.0 = Debug|Win32
		{C583D77A-72D4-4035-A7D7-AD5360D2F226}.Release|x64.ActiveCfg = Release|x64
		{C583D77A-72D4-4035-A7D7-AD5360D2F226}.Release|x64.Build.0 = Release|x64
		{C583D77A-72D4-4035-A7D7-AD5360D2F226}.Release|x86.ActiveCfg = Release|Win32
		{C583D77A-72D4-4035-A7D7-AD5360D2F226}.Release|x86.Build.0 = Release|Win32
		{822EF72A-D1B4-4E99-BBAE-41F3E2633B47}.Debug|x64.ActiveCfg = Debug|x64
		{822EF72A-D1B4-4E99-BBAE-41F3E2633B47}.Debug|x64.Build.0 = Debug|x64
		{822EF72A-D1B4-4E99-BBAE-41F3E2633B47}.Debug|x86.ActiveCfg = Debug|Win32
		{822EF72A-D1B4-4E99-BBAE-41F3E2633B47}.Debug|x86.Build.0 = Debug|Win32
		{822EF72A-D1B4-4E99-BBAE-41F3E2633B47}.Release|x64.ActiveCfg = Release|x64
		{822EF72A-D1B4-4E99-BBAE-41F3E2633B47}.Release|x64.Build.0 = Release|x64
		{822EF72A-D1B4-4E99-BBAE-41F3E2633B47}.Release|x86.ActiveCfg = Release|Win32
		{822EF72A-D1B4-4E99-BBAE-41F3E2633B47}.Release|x86.Build.0 = Release|Win32
		{BE8A8ACC-6F06-42EF-B72D-BB9D560235F3}.Debug|x64.ActiveCfg = Debug|x64
		{BE8A8ACC-6F06-42EF-B72D-BB9D560235F3}.Debug|x64.Build.0 = Debug|x64
		{BE8A8ACC-6F06-42EF-B72D-BB9D560235F3}.Debug|x86.ActiveCfg = Debug|Win32
		{BE8A8ACC-6F06-42EF-B72D-BB9D560235F3}.Debug|x86.Build.0 = Debug|Win32
		{BE8A8ACC-6F06-42EF-B72D-BB9D560235F3}.Release|x64.ActiveCfg = Release|x64
		{BE8A8ACC-6F06-42EF-B72D-BB9D560235F3}.Release|x64.Build.0 = Release|x64
		{BE8A8ACC-6F06-42EF-B72D-BB9D560235F3}.Release|x86.ActiveCfg = Release|Win32
		{BE8A8ACC-6F06-42EF-B72D-BB9D560235F3}.Release|x86.Build.0 = Release|Win32
		{CF5F88D9-1E2C-443B-80F4-133936218FA1}.Debug|x64.ActiveCfg = Debug|x64
		{CF5F88D9-1E2C-443B-80F4-133936218FA1}.Debug|x64.Build.0 = Debug|x64
		{CF5F88D9-1E2C-443B-80F4-133936218FA1}.Debug|x86.ActiveCfg = Debug|Win32
		{CF5F88D9-1E2C-443B-80F4-133936218FA1}.Debug|x86.Build.0 = Debug|Win32
		{CF5F88D9-1E2C-443B-80F4-133936218FA1}.Release|x64.ActiveCfg = Release|x64
		{CF5F88D9-1E2C-443B-80F4-133936218FA1}.Release|x64.Build.0 = Release|x64
		{CF5F88D9-1E2C-443B-80F4-133936218FA1}.Release|x86.ActiveCfg = Release|Win32
		{CF5F88D9-1E2C-443B-80F4-133936218FA1}.Release|x86.Build.0 = Release|Win32
		{40C5D865-FCDB-4BBA-93B5-0ABD3B8EC0B4}.Debug|x64.ActiveCfg = Debug|x64
		{40C5D865-FCDB-4BBA-93B5-0ABD3B8EC0B4}.Debug|x64.Build.0 = Debug|x64
		{40C5D865-FCDB-4BBA-93B5-0ABD3B8EC0B4}.Debug|x86.ActiveCfg = Debug|Win32
		{40C5D865-FCDB-4BBA-93B5-0ABD3B8EC0B4}.Debug|x86.Build.0 = Debug|Win32
		{40C5D865-FCDB-4BBA-93B5-0ABD3B8EC0B4}.Release|x64.ActiveCfg = Release|x64
		{40C5D865-FCDB-4BBA-93B5-0ABD3B8EC0B4}.Release|x64.Build.0 = Release|x64
		{40C5D865-FCDB-4BBA-93B5-0ABD3B8EC0B4}.Release|x86.ActiveCfg = Release|Win32
		{40C5D865-FCDB-4BBA-93B5-0ABD3B8EC0B4}.Release|x86.Build.0 = Release|Win32
		{DAD530A4-88D8-4DDE-BC49-F312B0039AF3}.Debug|x64.ActiveCfg = Debug|x64
		{DAD530A4-88D8-4DDE-BC49-F312B0039AF3}.Debug|x64.Build.0 = Debug|x64
		{DAD530A4-88D8-4DDE-BC49-F312B0039AF3}.Debug|x86.ActiveCfg = Debug|Win32
		{DAD530A4-88D8-4DDE-BC49-F312B0039AF3}.Debug|x86.Build.0 = Debug|Win32
		{DAD530A4-88D8-4DDE-BC49-F312B0039AF3}.Release|x64.ActiveCfg = Release|x64
		{DAD530A4-88D8-4DDE-BC49-F312B0039AF3}.Release|x64.Build.0 = Release|x64
		{DAD530A4-88D8-4DDE-BC49-F312B0039AF3}.Release|x86.ActiveCfg = Release|Win32
		{DAD530A4-88D8-4DDE-BC49-F312B0039AF3}.Release|x86.Build.0 = Release|Win32
		{EC15408B-60CB-426A-AB47-CC6E3407F870}.Debug|x64.ActiveCfg = Debug|x64
		{EC15408B-60CB-426A-AB47-CC6E3407F870}.Debug|x64.Build.0 = Debug|x64
		{EC15408B-60CB-426A-AB47-CC6E3407F870}.Debug|x86.ActiveCfg = Debug|Win32
		{EC15408B-60CB-426A-AB47-CC6E3407F870}.Debug|x86.Build.0 = Debug|Win32
		{EC15408B-60CB-426A-AB47-CC6E3407F870}.Release|x64.ActiveCfg = Release|x64
		{EC15408B-60CB-426A-AB47-CC6E3407F870}.Release|x64.Build.0 = Release|x64
		{EC15408B-60CB-426A-AB47-CC6E3407F870}.Release|x86.ActiveCfg = Release|Win32
		{EC15408B-60CB-426A-AB47-CC6E3407F870}.Release|x86.Build.0 = Release|Win32
		{74DBB0E7-D12A-47AC-94A2-752C822334C9}.Debug|x64.ActiveCfg = Debug|x64
		{74DBB0E7-D12A-47AC-94A2-752C822334C9}.Debug|x64.Build.0 = Debug|x64
		{74DBB0E7-D12A-47AC-94A2-752C822334C9}.Debug|x86.ActiveCfg = Debug|Win32
		{74DBB0E7-D12A-47AC-94A2-752C822334C9}.Debug|x86.Build.0 = Debug|Win32
		{74DBB0E7-D12A-47AC-94A2-752C822334C9}.Release|x64.ActiveCfg = Release|x64
		{74DBB0E7-D12A-47AC-94A2-752C822334C9}.Release|x64.Build.0 = Release|x64
		{74DBB0E7-D12A-47AC-94A2-752C822334C9}.Release|x86.ActiveCfg = Release|Win32
		{74DBB0E7-D12A-47AC-94A2-752C822334C9}.Release|x86.Build.0 = Release|Win32
	EndGlobalSection
	GlobalSection(SolutionProperties) = preSolution
		HideSolutionNode = FALSE
	EndGlobalSection
	GlobalSection(NestedProjects) = preSolution
		{64F88135-2C9E-4DEB-9EE2-A6E116B09FE9} = {60F8E072-6781-441E-82FD-9F400578602D}
		{39AB35A8-0693-4708-B7D7-8198CF5E6CDF} = {10F51037-4764-4087-8827-3AD81756525D}
		{AF5E412D-03FF-4F10-BE67-E0652FB36CD6} = {10F51037-4764-4087-8827-3AD81756525D}
		{5F75F18E-3995-4682-BD5F-E8FF4AFC34CC} = {10F51037-4764-4087-8827-3AD81756525D}
		{57EF89D3-EE99-441C-AE70-384F4AC84CD9} = {10F51037-4764-4087-8827-3AD81756525D}
		{3F0E02E6-4589-4FD1-AF66-1CD2809F26D8} = {10F51037-4764-4087-8827-3AD81756525D}
		{6CF4B546-088C-4E7D-A939-0A5F169B0D1D} = {10F51037-4764-4087-8827-3AD81756525D}
		{C583D77A-72D4-4035-A7D7-AD5360D2F226} = {10F51037-4764-4087-8827-3AD81756525D}
		{822EF72A-D1B4-4E99-BBAE-41F3E2633B47} = {10F51037-4764-4087-8827-3AD81756525D}
		{BE8A8ACC-6F06-42EF-B72D-BB9D560235F3} = {18486247-01C8-4DF9-B349-53D1831DD291}
		{CF5F88D9-1E2C-443B-80F4-133936218FA1} = {18486247-01C8-4DF9-B349-53D1831DD291}
		{40C5D865-FCDB-4BBA-93B5-0ABD3B8EC0B4} = {18486247-01C8-4DF9-B349-53D1831DD291}
		{DAD530A4-88D8-4DDE-BC49-F312B0039AF3} = {18486247-01C8-4DF9-B349-53D1831DD291}
		{EC15408B-60CB-426A-AB47-CC6E3407F870} = {18486247-01C8-4DF9-B349-53D1831DD291}
		{74DBB0E7-D12A-47AC-94A2-752C822334C9} = {18486247-01C8-4DF9-B349-53D1831DD291}
	EndGlobalSection
	GlobalSection(ExtensibilityGlobals) = postSolution
		SolutionGuid = {209FEC2F-2D98-4C02-A883-E4F6DEFBD308}
	EndGlobalSection
EndGlobal
